// !$*UTF8*$!
{
	archiveVersion = 1;
	classes = {
	};
	objectVersion = 55;
	objects = {

/* Begin PBXBuildFile section */
		A75D8170286B1416008AB3EC /* AppDelegate.swift in Sources */ = {isa = PBXBuildFile; fileRef = A75D816F286B1416008AB3EC /* AppDelegate.swift */; };
		A75D8172286B1416008AB3EC /* SceneDelegate.swift in Sources */ = {isa = PBXBuildFile; fileRef = A75D8171286B1416008AB3EC /* SceneDelegate.swift */; };
		A75D8174286B1416008AB3EC /* TabBarViewController.swift in Sources */ = {isa = PBXBuildFile; fileRef = A75D8173286B1416008AB3EC /* TabBarViewController.swift */; };
		A75D8179286B141F008AB3EC /* Assets.xcassets in Resources */ = {isa = PBXBuildFile; fileRef = A75D8178286B141F008AB3EC /* Assets.xcassets */; };
		A75D817C286B141F008AB3EC /* LaunchScreen.storyboard in Resources */ = {isa = PBXBuildFile; fileRef = A75D817A286B141F008AB3EC /* LaunchScreen.storyboard */; };
		A75D8186286B1BB0008AB3EC /* SnapKit in Frameworks */ = {isa = PBXBuildFile; productRef = A75D8185286B1BB0008AB3EC /* SnapKit */; };
		A75D8188286B21E8008AB3EC /* .swiftlint.yml in Resources */ = {isa = PBXBuildFile; fileRef = A75D8187286B21E8008AB3EC /* .swiftlint.yml */; };
		A7B63E7B286C5B6300A786D8 /* HomeViewController.swift in Sources */ = {isa = PBXBuildFile; fileRef = A7B63E7A286C5B6300A786D8 /* HomeViewController.swift */; };
		A7B63E81286DCEF700A786D8 /* HomeCollectionViewCell.swift in Sources */ = {isa = PBXBuildFile; fileRef = A7B63E80286DCEF700A786D8 /* HomeCollectionViewCell.swift */; };
		A7B63E84286DDA6600A786D8 /* DataModel.swift in Sources */ = {isa = PBXBuildFile; fileRef = A7B63E83286DDA6600A786D8 /* DataModel.swift */; };
/* End PBXBuildFile section */

/* Begin PBXFileReference section */
		A75D816C286B1416008AB3EC /* TossClone.app */ = {isa = PBXFileReference; explicitFileType = wrapper.application; includeInIndex = 0; path = TossClone.app; sourceTree = BUILT_PRODUCTS_DIR; };
		A75D816F286B1416008AB3EC /* AppDelegate.swift */ = {isa = PBXFileReference; lastKnownFileType = sourcecode.swift; path = AppDelegate.swift; sourceTree = "<group>"; };
		A75D8171286B1416008AB3EC /* SceneDelegate.swift */ = {isa = PBXFileReference; lastKnownFileType = sourcecode.swift; path = SceneDelegate.swift; sourceTree = "<group>"; };
		A75D8173286B1416008AB3EC /* TabBarViewController.swift */ = {isa = PBXFileReference; lastKnownFileType = sourcecode.swift; path = TabBarViewController.swift; sourceTree = "<group>"; };
		A75D8178286B141F008AB3EC /* Assets.xcassets */ = {isa = PBXFileReference; lastKnownFileType = folder.assetcatalog; path = Assets.xcassets; sourceTree = "<group>"; };
		A75D817B286B141F008AB3EC /* Base */ = {isa = PBXFileReference; lastKnownFileType = file.storyboard; name = Base; path = Base.lproj/LaunchScreen.storyboard; sourceTree = "<group>"; };
		A75D817D286B141F008AB3EC /* Info.plist */ = {isa = PBXFileReference; lastKnownFileType = text.plist.xml; path = Info.plist; sourceTree = "<group>"; };
		A75D8187286B21E8008AB3EC /* .swiftlint.yml */ = {isa = PBXFileReference; lastKnownFileType = text.yaml; path = .swiftlint.yml; sourceTree = "<group>"; };
		A7B63E7A286C5B6300A786D8 /* HomeViewController.swift */ = {isa = PBXFileReference; lastKnownFileType = sourcecode.swift; path = HomeViewController.swift; sourceTree = "<group>"; };
		A7B63E80286DCEF700A786D8 /* HomeCollectionViewCell.swift */ = {isa = PBXFileReference; lastKnownFileType = sourcecode.swift; path = HomeCollectionViewCell.swift; sourceTree = "<group>"; };
		A7B63E83286DDA6600A786D8 /* DataModel.swift */ = {isa = PBXFileReference; lastKnownFileType = sourcecode.swift; path = DataModel.swift; sourceTree = "<group>"; };
/* End PBXFileReference section */

/* Begin PBXFrameworksBuildPhase section */
		A75D8169286B1416008AB3EC /* Frameworks */ = {
			isa = PBXFrameworksBuildPhase;
			buildActionMask = 2147483647;
			files = (
				A75D8186286B1BB0008AB3EC /* SnapKit in Frameworks */,
			);
			runOnlyForDeploymentPostprocessing = 0;
		};
/* End PBXFrameworksBuildPhase section */

/* Begin PBXGroup section */
		A75D8163286B1416008AB3EC = {
			isa = PBXGroup;
			children = (
				A75D8187286B21E8008AB3EC /* .swiftlint.yml */,
				A75D816E286B1416008AB3EC /* TossClone */,
				A75D816D286B1416008AB3EC /* Products */,
			);
			sourceTree = "<group>";
		};
		A75D816D286B1416008AB3EC /* Products */ = {
			isa = PBXGroup;
			children = (
				A75D816C286B1416008AB3EC /* TossClone.app */,
			);
			name = Products;
			sourceTree = "<group>";
		};
		A75D816E286B1416008AB3EC /* TossClone */ = {
			isa = PBXGroup;
			children = (
				A7B63E82286DDA5A00A786D8 /* Models */,
				A75D817D286B141F008AB3EC /* Info.plist */,
				A75D818A286B36EF008AB3EC /* Global */,
				A75D818C286B3700008AB3EC /* Screens */,
			);
			path = TossClone;
			sourceTree = "<group>";
		};
		A75D818A286B36EF008AB3EC /* Global */ = {
			isa = PBXGroup;
			children = (
				A75D818E286B372B008AB3EC /* Support */,
				A75D818D286B371C008AB3EC /* Storyboard */,
				A75D818B286B36F3008AB3EC /* Resources */,
			);
			path = Global;
			sourceTree = "<group>";
		};
		A75D818B286B36F3008AB3EC /* Resources */ = {
			isa = PBXGroup;
			children = (
				A75D8178286B141F008AB3EC /* Assets.xcassets */,
			);
			path = Resources;
			sourceTree = "<group>";
		};
		A75D818C286B3700008AB3EC /* Screens */ = {
			isa = PBXGroup;
			children = (
				A75D8173286B1416008AB3EC /* TabBarViewController.swift */,
				A7B63E7C286C5B7000A786D8 /* Home */,
			);
			name = Screens;
			path = Screens/Screens;
			sourceTree = "<group>";
		};
		A75D818D286B371C008AB3EC /* Storyboard */ = {
			isa = PBXGroup;
			children = (
				A75D817A286B141F008AB3EC /* LaunchScreen.storyboard */,
			);
			path = Storyboard;
			sourceTree = "<group>";
		};
		A75D818E286B372B008AB3EC /* Support */ = {
			isa = PBXGroup;
			children = (
				A75D816F286B1416008AB3EC /* AppDelegate.swift */,
				A75D8171286B1416008AB3EC /* SceneDelegate.swift */,
			);
			path = Support;
			sourceTree = "<group>";
		};
		A7B63E7C286C5B7000A786D8 /* Home */ = {
			isa = PBXGroup;
			children = (
				A7B63E7A286C5B6300A786D8 /* HomeViewController.swift */,
				A7B63E80286DCEF700A786D8 /* HomeCollectionViewCell.swift */,
			);
			path = Home;
			sourceTree = "<group>";
		};
		A7B63E82286DDA5A00A786D8 /* Models */ = {
			isa = PBXGroup;
			children = (
				A7B63E83286DDA6600A786D8 /* DataModel.swift */,
			);
			path = Models;
			sourceTree = "<group>";
		};
/* End PBXGroup section */

/* Begin PBXNativeTarget section */
		A75D816B286B1416008AB3EC /* TossClone */ = {
			isa = PBXNativeTarget;
			buildConfigurationList = A75D8180286B141F008AB3EC /* Build configuration list for PBXNativeTarget "TossClone" */;
			buildPhases = (
				A75D8183286B1B18008AB3EC /* SwiftLint Script */,
				A75D8168286B1416008AB3EC /* Sources */,
				A75D8169286B1416008AB3EC /* Frameworks */,
				A75D816A286B1416008AB3EC /* Resources */,
			);
			buildRules = (
			);
			dependencies = (
			);
			name = TossClone;
			packageProductDependencies = (
				A75D8185286B1BB0008AB3EC /* SnapKit */,
			);
			productName = TossClone;
			productReference = A75D816C286B1416008AB3EC /* TossClone.app */;
			productType = "com.apple.product-type.application";
		};
/* End PBXNativeTarget section */

/* Begin PBXProject section */
		A75D8164286B1416008AB3EC /* Project object */ = {
			isa = PBXProject;
			attributes = {
				BuildIndependentTargetsInParallel = 1;
				LastSwiftUpdateCheck = 1330;
				LastUpgradeCheck = 1330;
				TargetAttributes = {
					A75D816B286B1416008AB3EC = {
						CreatedOnToolsVersion = 13.3;
					};
				};
			};
			buildConfigurationList = A75D8167286B1416008AB3EC /* Build configuration list for PBXProject "TossClone" */;
			compatibilityVersion = "Xcode 13.0";
			developmentRegion = en;
			hasScannedForEncodings = 0;
			knownRegions = (
				en,
				Base,
			);
			mainGroup = A75D8163286B1416008AB3EC;
			packageReferences = (
				A75D8184286B1BB0008AB3EC /* XCRemoteSwiftPackageReference "SnapKit" */,
			);
			productRefGroup = A75D816D286B1416008AB3EC /* Products */;
			projectDirPath = "";
			projectRoot = "";
			targets = (
				A75D816B286B1416008AB3EC /* TossClone */,
			);
		};
/* End PBXProject section */

/* Begin PBXResourcesBuildPhase section */
		A75D816A286B1416008AB3EC /* Resources */ = {
			isa = PBXResourcesBuildPhase;
			buildActionMask = 2147483647;
			files = (
				A75D8188286B21E8008AB3EC /* .swiftlint.yml in Resources */,
				A75D817C286B141F008AB3EC /* LaunchScreen.storyboard in Resources */,
				A75D8179286B141F008AB3EC /* Assets.xcassets in Resources */,
			);
			runOnlyForDeploymentPostprocessing = 0;
		};
/* End PBXResourcesBuildPhase section */

/* Begin PBXShellScriptBuildPhase section */
		A75D8183286B1B18008AB3EC /* SwiftLint Script */ = {
			isa = PBXShellScriptBuildPhase;
			buildActionMask = 2147483647;
			files = (
			);
			inputFileListPaths = (
			);
			inputPaths = (
			);
			name = "SwiftLint Script";
			outputFileListPaths = (
			);
			outputPaths = (
			);
			runOnlyForDeploymentPostprocessing = 0;
			shellPath = /bin/sh;
			shellScript = "export PATH=\"$PATH:/opt/homebrew/bin\"\nif which swiftlint > /dev/null; then\n  swiftlint\nelse\n  echo \"warning: SwiftLint not installed, download from https://github.com/realm/SwiftLint\"\nfi\n";
		};
/* End PBXShellScriptBuildPhase section */

/* Begin PBXSourcesBuildPhase section */
		A75D8168286B1416008AB3EC /* Sources */ = {
			isa = PBXSourcesBuildPhase;
			buildActionMask = 2147483647;
			files = (
				A7B63E81286DCEF700A786D8 /* HomeCollectionViewCell.swift in Sources */,
				A75D8174286B1416008AB3EC /* TabBarViewController.swift in Sources */,
				A75D8170286B1416008AB3EC /* AppDelegate.swift in Sources */,
				A75D8172286B1416008AB3EC /* SceneDelegate.swift in Sources */,
				A7B63E7B286C5B6300A786D8 /* HomeViewController.swift in Sources */,
				A7B63E84286DDA6600A786D8 /* DataModel.swift in Sources */,
			);
			runOnlyForDeploymentPostprocessing = 0;
		};
/* End PBXSourcesBuildPhase section */

/* Begin PBXVariantGroup section */
		A75D817A286B141F008AB3EC /* LaunchScreen.storyboard */ = {
			isa = PBXVariantGroup;
			children = (
				A75D817B286B141F008AB3EC /* Base */,
			);
			name = LaunchScreen.storyboard;
			sourceTree = "<group>";
		};
/* End PBXVariantGroup section */

/* Begin XCBuildConfiguration section */
		A75D817E286B141F008AB3EC /* Debug */ = {
			isa = XCBuildConfiguration;
			buildSettings = {
				ALWAYS_SEARCH_USER_PATHS = NO;
				CLANG_ANALYZER_NONNULL = YES;
				CLANG_ANALYZER_NUMBER_OBJECT_CONVERSION = YES_AGGRESSIVE;
				CLANG_CXX_LANGUAGE_STANDARD = "gnu++17";
				CLANG_ENABLE_MODULES = YES;
				CLANG_ENABLE_OBJC_ARC = YES;
				CLANG_ENABLE_OBJC_WEAK = YES;
				CLANG_WARN_BLOCK_CAPTURE_AUTORELEASING = YES;
				CLANG_WARN_BOOL_CONVERSION = YES;
				CLANG_WARN_COMMA = YES;
				CLANG_WARN_CONSTANT_CONVERSION = YES;
				CLANG_WARN_DEPRECATED_OBJC_IMPLEMENTATIONS = YES;
				CLANG_WARN_DIRECT_OBJC_ISA_USAGE = YES_ERROR;
				CLANG_WARN_DOCUMENTATION_COMMENTS = YES;
				CLANG_WARN_EMPTY_BODY = YES;
				CLANG_WARN_ENUM_CONVERSION = YES;
				CLANG_WARN_INFINITE_RECURSION = YES;
				CLANG_WARN_INT_CONVERSION = YES;
				CLANG_WARN_NON_LITERAL_NULL_CONVERSION = YES;
				CLANG_WARN_OBJC_IMPLICIT_RETAIN_SELF = YES;
				CLANG_WARN_OBJC_LITERAL_CONVERSION = YES;
				CLANG_WARN_OBJC_ROOT_CLASS = YES_ERROR;
				CLANG_WARN_QUOTED_INCLUDE_IN_FRAMEWORK_HEADER = YES;
				CLANG_WARN_RANGE_LOOP_ANALYSIS = YES;
				CLANG_WARN_STRICT_PROTOTYPES = YES;
				CLANG_WARN_SUSPICIOUS_MOVE = YES;
				CLANG_WARN_UNGUARDED_AVAILABILITY = YES_AGGRESSIVE;
				CLANG_WARN_UNREACHABLE_CODE = YES;
				CLANG_WARN__DUPLICATE_METHOD_MATCH = YES;
				COPY_PHASE_STRIP = NO;
				DEBUG_INFORMATION_FORMAT = dwarf;
				ENABLE_STRICT_OBJC_MSGSEND = YES;
				ENABLE_TESTABILITY = YES;
				GCC_C_LANGUAGE_STANDARD = gnu11;
				GCC_DYNAMIC_NO_PIC = NO;
				GCC_NO_COMMON_BLOCKS = YES;
				GCC_OPTIMIZATION_LEVEL = 0;
				GCC_PREPROCESSOR_DEFINITIONS = (
					"DEBUG=1",
					"$(inherited)",
				);
				GCC_WARN_64_TO_32_BIT_CONVERSION = YES;
				GCC_WARN_ABOUT_RETURN_TYPE = YES_ERROR;
				GCC_WARN_UNDECLARED_SELECTOR = YES;
				GCC_WARN_UNINITIALIZED_AUTOS = YES_AGGRESSIVE;
				GCC_WARN_UNUSED_FUNCTION = YES;
				GCC_WARN_UNUSED_VARIABLE = YES;
				IPHONEOS_DEPLOYMENT_TARGET = 15.4;
				MTL_ENABLE_DEBUG_INFO = INCLUDE_SOURCE;
				MTL_FAST_MATH = YES;
				ONLY_ACTIVE_ARCH = YES;
				SDKROOT = iphoneos;
				SWIFT_ACTIVE_COMPILATION_CONDITIONS = DEBUG;
				SWIFT_OPTIMIZATION_LEVEL = "-Onone";
			};
			name = Debug;
		};
		A75D817F286B141F008AB3EC /* Release */ = {
			isa = XCBuildConfiguration;
			buildSettings = {
				ALWAYS_SEARCH_USER_PATHS = NO;
				CLANG_ANALYZER_NONNULL = YES;
				CLANG_ANALYZER_NUMBER_OBJECT_CONVERSION = YES_AGGRESSIVE;
				CLANG_CXX_LANGUAGE_STANDARD = "gnu++17";
				CLANG_ENABLE_MODULES = YES;
				CLANG_ENABLE_OBJC_ARC = YES;
				CLANG_ENABLE_OBJC_WEAK = YES;
				CLANG_WARN_BLOCK_CAPTURE_AUTORELEASING = YES;
				CLANG_WARN_BOOL_CONVERSION = YES;
				CLANG_WARN_COMMA = YES;
				CLANG_WARN_CONSTANT_CONVERSION = YES;
				CLANG_WARN_DEPRECATED_OBJC_IMPLEMENTATIONS = YES;
				CLANG_WARN_DIRECT_OBJC_ISA_USAGE = YES_ERROR;
				CLANG_WARN_DOCUMENTATION_COMMENTS = YES;
				CLANG_WARN_EMPTY_BODY = YES;
				CLANG_WARN_ENUM_CONVERSION = YES;
				CLANG_WARN_INFINITE_RECURSION = YES;
				CLANG_WARN_INT_CONVERSION = YES;
				CLANG_WARN_NON_LITERAL_NULL_CONVERSION = YES;
				CLANG_WARN_OBJC_IMPLICIT_RETAIN_SELF = YES;
				CLANG_WARN_OBJC_LITERAL_CONVERSION = YES;
				CLANG_WARN_OBJC_ROOT_CLASS = YES_ERROR;
				CLANG_WARN_QUOTED_INCLUDE_IN_FRAMEWORK_HEADER = YES;
				CLANG_WARN_RANGE_LOOP_ANALYSIS = YES;
				CLANG_WARN_STRICT_PROTOTYPES = YES;
				CLANG_WARN_SUSPICIOUS_MOVE = YES;
				CLANG_WARN_UNGUARDED_AVAILABILITY = YES_AGGRESSIVE;
				CLANG_WARN_UNREACHABLE_CODE = YES;
				CLANG_WARN__DUPLICATE_METHOD_MATCH = YES;
				COPY_PHASE_STRIP = NO;
				DEBUG_INFORMATION_FORMAT = "dwarf-with-dsym";
				ENABLE_NS_ASSERTIONS = NO;
				ENABLE_STRICT_OBJC_MSGSEND = YES;
				GCC_C_LANGUAGE_STANDARD = gnu11;
				GCC_NO_COMMON_BLOCKS = YES;
				GCC_WARN_64_TO_32_BIT_CONVERSION = YES;
				GCC_WARN_ABOUT_RETURN_TYPE = YES_ERROR;
				GCC_WARN_UNDECLARED_SELECTOR = YES;
				GCC_WARN_UNINITIALIZED_AUTOS = YES_AGGRESSIVE;
				GCC_WARN_UNUSED_FUNCTION = YES;
				GCC_WARN_UNUSED_VARIABLE = YES;
				IPHONEOS_DEPLOYMENT_TARGET = 15.4;
				MTL_ENABLE_DEBUG_INFO = NO;
				MTL_FAST_MATH = YES;
				SDKROOT = iphoneos;
				SWIFT_COMPILATION_MODE = wholemodule;
				SWIFT_OPTIMIZATION_LEVEL = "-O";
				VALIDATE_PRODUCT = YES;
			};
			name = Release;
		};
		A75D8181286B141F008AB3EC /* Debug */ = {
			isa = XCBuildConfiguration;
			buildSettings = {
				ASSETCATALOG_COMPILER_APPICON_NAME = AppIcon;
				ASSETCATALOG_COMPILER_GLOBAL_ACCENT_COLOR_NAME = AccentColor;
				CODE_SIGN_STYLE = Automatic;
				CURRENT_PROJECT_VERSION = 1;
				DEVELOPMENT_TEAM = 82DRSFKFS9;
				GENERATE_INFOPLIST_FILE = YES;
				INFOPLIST_FILE = TossClone/Info.plist;
				INFOPLIST_KEY_UIApplicationSupportsIndirectInputEvents = YES;
				INFOPLIST_KEY_UILaunchStoryboardName = LaunchScreen;
				INFOPLIST_KEY_UISupportedInterfaceOrientations_iPad = "UIInterfaceOrientationPortrait UIInterfaceOrientationPortraitUpsideDown UIInterfaceOrientationLandscapeLeft UIInterfaceOrientationLandscapeRight";
				INFOPLIST_KEY_UISupportedInterfaceOrientations_iPhone = "UIInterfaceOrientationPortrait UIInterfaceOrientationLandscapeLeft UIInterfaceOrientationLandscapeRight";
				LD_RUNPATH_SEARCH_PATHS = (
					"$(inherited)",
					"@executable_path/Frameworks",
				);
				MARKETING_VERSION = 1.0;
				PRODUCT_BUNDLE_IDENTIFIER = com.jisoo.TossClone;
				PRODUCT_NAME = "$(TARGET_NAME)";
				SWIFT_EMIT_LOC_STRINGS = YES;
				SWIFT_VERSION = 5.0;
				TARGETED_DEVICE_FAMILY = "1,2";
			};
			name = Debug;
		};
		A75D8182286B141F008AB3EC /* Release */ = {
			isa = XCBuildConfiguration;
			buildSettings = {
				ASSETCATALOG_COMPILER_APPICON_NAME = AppIcon;
				ASSETCATALOG_COMPILER_GLOBAL_ACCENT_COLOR_NAME = AccentColor;
				CODE_SIGN_STYLE = Automatic;
				CURRENT_PROJECT_VERSION = 1;
				DEVELOPMENT_TEAM = 82DRSFKFS9;
				GENERATE_INFOPLIST_FILE = YES;
				INFOPLIST_FILE = TossClone/Info.plist;
				INFOPLIST_KEY_UIApplicationSupportsIndirectInputEvents = YES;
				INFOPLIST_KEY_UILaunchStoryboardName = LaunchScreen;
				INFOPLIST_KEY_UISupportedInterfaceOrientations_iPad = "UIInterfaceOrientationPortrait UIInterfaceOrientationPortraitUpsideDown UIInterfaceOrientationLandscapeLeft UIInterfaceOrientationLandscapeRight";
				INFOPLIST_KEY_UISupportedInterfaceOrientations_iPhone = "UIInterfaceOrientationPortrait UIInterfaceOrientationLandscapeLeft UIInterfaceOrientationLandscapeRight";
				LD_RUNPATH_SEARCH_PATHS = (
					"$(inherited)",
					"@executable_path/Frameworks",
				);
				MARKETING_VERSION = 1.0;
				PRODUCT_BUNDLE_IDENTIFIER = com.jisoo.TossClone;
				PRODUCT_NAME = "$(TARGET_NAME)";
				SWIFT_EMIT_LOC_STRINGS = YES;
				SWIFT_VERSION = 5.0;
				TARGETED_DEVICE_FAMILY = "1,2";
			};
			name = Release;
		};
/* End XCBuildConfiguration section */

/* Begin XCConfigurationList section */
		A75D8167286B1416008AB3EC /* Build configuration list for PBXProject "TossClone" */ = {
			isa = XCConfigurationList;
			buildConfigurations = (
				A75D817E286B141F008AB3EC /* Debug */,
				A75D817F286B141F008AB3EC /* Release */,
			);
			defaultConfigurationIsVisible = 0;
			defaultConfigurationName = Release;
		};
		A75D8180286B141F008AB3EC /* Build configuration list for PBXNativeTarget "TossClone" */ = {
			isa = XCConfigurationList;
			buildConfigurations = (
				A75D8181286B141F008AB3EC /* Debug */,
				A75D8182286B141F008AB3EC /* Release */,
			);
			defaultConfigurationIsVisible = 0;
			defaultConfigurationName = Release;
		};
/* End XCConfigurationList section */

/* Begin XCRemoteSwiftPackageReference section */
		A75D8184286B1BB0008AB3EC /* XCRemoteSwiftPackageReference "SnapKit" */ = {
			isa = XCRemoteSwiftPackageReference;
			repositoryURL = "https://github.com/SnapKit/SnapKit";
			requirement = {
				branch = develop;
				kind = branch;
			};
		};
/* End XCRemoteSwiftPackageReference section */

/* Begin XCSwiftPackageProductDependency section */
		A75D8185286B1BB0008AB3EC /* SnapKit */ = {
			isa = XCSwiftPackageProductDependency;
			package = A75D8184286B1BB0008AB3EC /* XCRemoteSwiftPackageReference "SnapKit" */;
			productName = SnapKit;
		};
/* End XCSwiftPackageProductDependency section */
	};
	rootObject = A75D8164286B1416008AB3EC /* Project object */;
}
